{
  "name": "gestioneshow",
  "version": "1.10.3",
  "lockfileVersion": 3,
  "requires": true,
  "packages": {
    "": {
      "name": "gestioneshow",
      "version": "1.10.3",
      "license": "ISC",
      "dependencies": {
        "electron-store": "^11.0.2"
      },
      "devDependencies": {
        "electron": "^44.3.0",
        "electron-builder": "^26.15.3",
        "electron-reload": "^2.0.0-alpha.1"
      }
    }
  }
}